// !$*UTF8*$!
{
	archiveVersion = 1;
	classes = {
	};
	objectVersion = 46;
	objects = {

/* Begin PBXBuildFile section */
		657BB7041D3ED48E00F0475B /* AppDelegate.swift in Sources */ = {isa = PBXBuildFile; fileRef = 657BB7031D3ED48E00F0475B /* AppDelegate.swift */; };
		657BB7061D3ED48E00F0475B /* ViewController.swift in Sources */ = {isa = PBXBuildFile; fileRef = 657BB7051D3ED48E00F0475B /* ViewController.swift */; };
		657BB7091D3ED48E00F0475B /* Main.storyboard in Resources */ = {isa = PBXBuildFile; fileRef = 657BB7071D3ED48E00F0475B /* Main.storyboard */; };
		657BB70B1D3ED48E00F0475B /* Assets.xcassets in Resources */ = {isa = PBXBuildFile; fileRef = 657BB70A1D3ED48E00F0475B /* Assets.xcassets */; };
		657BB70E1D3ED48E00F0475B /* LaunchScreen.storyboard in Resources */ = {isa = PBXBuildFile; fileRef = 657BB70C1D3ED48E00F0475B /* LaunchScreen.storyboard */; };
/* End PBXBuildFile section */

/* Begin PBXFileReference section */
		657BB7001D3ED48E00F0475B /* UIAppearanceQuestion.app */ = {isa = PBXFileReference; explicitFileType = wrapper.application; includeInIndex = 0; path = UIAppearanceQuestion.app; sourceTree = BUILT_PRODUCTS_DIR; };
		657BB7031D3ED48E00F0475B /* AppDelegate.swift */ = {isa = PBXFileReference; lastKnownFileType = sourcecode.swift; path = AppDelegate.swift; sourceTree = "<group>"; };
		657BB7051D3ED48E00F0475B /* ViewController.swift */ = {isa = PBXFileReference; lastKnownFileType = sourcecode.swift; path = ViewController.swift; sourceTree = "<group>"; };
		657BB7081D3ED48E00F0475B /* Base */ = {isa = PBXFileReference; lastKnownFileType = file.storyboard; name = Base; path = Base.lproj/Main.storyboard; sourceTree = "<group>"; };
		657BB70A1D3ED48E00F0475B /* Assets.xcassets */ = {isa = PBXFileReference; lastKnownFileType = folder.assetcatalog; path = Assets.xcassets; sourceTree = "<group>"; };
		657BB70D1D3ED48E00F0475B /* Base */ = {isa = PBXFileReference; lastKnownFileType = file.storyboard; name = Base; path = Base.lproj/LaunchScreen.storyboard; sourceTree = "<group>"; };
		657BB70F1D3ED48E00F0475B /* Info.plist */ = {isa = PBXFileReference; lastKnownFileType = text.plist.xml; path = Info.plist; sourceTree = "<group>"; };
/* End PBXFileReference section */

/* Begin PBXFrameworksBuildPhase section */
		657BB6FD1D3ED48E00F0475B /* Frameworks */ = {
			isa = PBXFrameworksBuildPhase;
			buildActionMask = 2147483647;
			files = (
			);
			runOnlyForDeploymentPostprocessing = 0;
		};
/* End PBXFrameworksBuildPhase section */

/* Begin PBXGroup section */
		657BB6F71D3ED48E00F0475B = {
			isa = PBXGroup;
			children = (
				657BB7021D3ED48E00F0475B /* UIAppearanceQuestion */,
				657BB7011D3ED48E00F0475B /* Products */,
			);
			sourceTree = "<group>";
		};
		657BB7011D3ED48E00F0475B /* Products */ = {
			isa = PBXGroup;
			children = (
				657BB7001D3ED48E00F0475B /* UIAppearanceQuestion.app */,
			);
			name = Products;
			sourceTree = "<group>";
		};
		657BB7021D3ED48E00F0475B /* UIAppearanceQuestion */ = {
			isa = PBXGroup;
			children = (
				657BB7031D3ED48E00F0475B /* AppDelegate.swift */,
				657BB7051D3ED48E00F0475B /* ViewController.swift */,
				657BB7071D3ED48E00F0475B /* Main.storyboard */,
				657BB70A1D3ED48E00F0475B /* Assets.xcassets */,
				657BB70C1D3ED48E00F0475B /* LaunchScreen.storyboard */,
				657BB70F1D3ED48E00F0475B /* Info.plist */,
			);
			path = UIAppearanceQuestion;
			sourceTree = "<group>";
		};
/* End PBXGroup section */

/* Begin PBXNativeTarget section */
		657BB6FF1D3ED48E00F0475B /* UIAppearanceQuestion */ = {
			isa = PBXNativeTarget;
			buildConfigurationList = 657BB7121D3ED48E00F0475B /* Build configuration list for PBXNativeTarget "UIAppearanceQuestion" */;
			buildPhases = (
				657BB6FC1D3ED48E00F0475B /* Sources */,
				657BB6FD1D3ED48E00F0475B /* Frameworks */,
				657BB6FE1D3ED48E00F0475B /* Resources */,
			);
			buildRules = (
			);
			dependencies = (
			);
			name = UIAppearanceQuestion;
			productName = UIAppearanceQuestion;
			productReference = 657BB7001D3ED48E00F0475B /* UIAppearanceQuestion.app */;
			productType = "com.apple.product-type.application";
		};
/* End PBXNativeTarget section */

/* Begin PBXProject section */
		657BB6F81D3ED48E00F0475B /* Project object */ = {
			isa = PBXProject;
			attributes = {
				LastSwiftUpdateCheck = 0730;
				LastUpgradeCheck = 0730;
				ORGANIZATIONNAME = "Dan Ramteke Consulting, Inc";
				TargetAttributes = {
					657BB6FF1D3ED48E00F0475B = {
						CreatedOnToolsVersion = 7.3.1;
					};
				};
			};
			buildConfigurationList = 657BB6FB1D3ED48E00F0475B /* Build configuration list for PBXProject "UIAppearanceQuestion" */;
			compatibilityVersion = "Xcode 3.2";
			developmentRegion = English;
			hasScannedForEncodings = 0;
			knownRegions = (
				en,
				Base,
			);
			mainGroup = 657BB6F71D3ED48E00F0475B;
			productRefGroup = 657BB7011D3ED48E00F0475B /* Products */;
			projectDirPath = "";
			projectRoot = "";
			targets = (
				657BB6FF1D3ED48E00F0475B /* UIAppearanceQuestion */,
			);
		};
/* End PBXProject section */

/* Begin PBXResourcesBuildPhase section */
		657BB6FE1D3ED48E00F0475B /* Resources */ = {
			isa = PBXResourcesBuildPhase;
			buildActionMask = 2147483647;
			files = (
				657BB70E1D3ED48E00F0475B /* LaunchScreen.storyboard in Resources */,
				657BB70B1D3ED48E00F0475B /* Assets.xcassets in Resources */,
				657BB7091D3ED48E00F0475B /* Main.storyboard in Resources */,
			);
			runOnlyForDeploymentPostprocessing = 0;
		};
/* End PBXResourcesBuildPhase section */

/* Begin PBXSourcesBuildPhase section */
		657BB6FC1D3ED48E00F0475B /* Sources */ = {
			isa = PBXSourcesBuildPhase;
			buildActionMask = 2147483647;
			files = (
				657BB7061D3ED48E00F0475B /* ViewController.swift in Sources */,
				657BB7041D3ED48E00F0475B /* AppDelegate.swift in Sources */,
			);
			runOnlyForDeploymentPostprocessing = 0;
		};
/* End PBXSourcesBuildPhase section */

/* Begin PBXVariantGroup section */
		657BB7071D3ED48E00F0475B /* Main.storyboard */ = {
			isa = PBXVariantGroup;
			children = (
				657BB7081D3ED48E00F0475B /* Base */,
			);
			name = Main.storyboard;
			sourceTree = "<group>";
		};
		657BB70C1D3ED48E00F0475B /* LaunchScreen.storyboard */ = {
			isa = PBXVariantGroup;
			children = (
				657BB70D1D3ED48E00F0475B /* Base */,
			);
			name = LaunchScreen.storyboard;
			sourceTree = "<group>";
		};
/* End PBXVariantGroup section */

/* Begin XCBuildConfiguration section */
		657BB7101D3ED48E00F0475B /* Debug */ = {
			isa = XCBuildConfiguration;
			buildSettings = {
				ALWAYS_SEARCH_USER_PATHS = NO;
				CLANG_ANALYZER_NONNULL = YES;
				CLANG_CXX_LANGUAGE_STANDARD = "gnu++0x";
				CLANG_CXX_LIBRARY = "libc++";
				CLANG_ENABLE_MODULES = YES;
				CLANG_ENABLE_OBJC_ARC = YES;
				CLANG_WARN_BOOL_CONVERSION = YES;
				CLANG_WARN_CONSTANT_CONVERSION = YES;
				CLANG_WARN_DIRECT_OBJC_ISA_USAGE = YES_ERROR;
				CLANG_WARN_EMPTY_BODY = YES;
				CLANG_WARN_ENUM_CONVERSION = YES;
				CLANG_WARN_INT_CONVERSION = YES;
				CLANG_WARN_OBJC_ROOT_CLASS = YES_ERROR;
				CLANG_WARN_UNREACHABLE_CODE = YES;
				CLANG_WARN__DUPLICATE_METHOD_MATCH = YES;
				"CODE_SIGN_IDENTITY[sdk=iphoneos*]" = "iPhone Developer";
				COPY_PHASE_STRIP = NO;
				DEBUG_INFORMATION_FORMAT = dwarf;
				ENABLE_STRICT_OBJC_MSGSEND = YES;
				ENABLE_TESTABILITY = YES;
				GCC_C_LANGUAGE_STANDARD = gnu99;
				GCC_DYNAMIC_NO_PIC = NO;
				GCC_NO_COMMON_BLOCKS = YES;
				GCC_OPTIMIZATION_LEVEL = 0;
				GCC_PREPROCESSOR_DEFINITIONS = (
					"DEBUG=1",
					"$(inherited)",
				);
				GCC_WARN_64_TO_32_BIT_CONVERSION = YES;
				GCC_WARN_ABOUT_RETURN_TYPE = YES_ERROR;
				GCC_WARN_UNDECLARED_SELECTOR = YES;
				GCC_WARN_UNINITIALIZED_AUTOS = YES_AGGRESSIVE;
				GCC_WARN_UNUSED_FUNCTION = YES;
				GCC_WARN_UNUSED_VARIABLE = YES;
				IPHONEOS_DEPLOYMENT_TARGET = 9.3;
				MTL_ENABLE_DEBUG_INFO = YES;
				ONLY_ACTIVE_ARCH = YES;
				SDKROOT = iphoneos;
				SWIFT_OPTIMIZATION_LEVEL = "-Onone";
				TARGETED_DEVICE_FAMILY = "1,2";
			};
			name = Debug;
		};
		657BB7111D3ED48E00F0475B /* Release */ = {
			isa = XCBuildConfiguration;
			buildSettings = {
				ALWAYS_SEARCH_USER_PATHS = NO;
				CLANG_ANALYZER_NONNULL = YES;
				CLANG_CXX_LANGUAGE_STANDARD = "gnu++0x";
				CLANG_CXX_LIBRARY = "libc++";
				CLANG_ENABLE_MODULES = YES;
				CLANG_ENABLE_OBJC_ARC = YES;
				CLANG_WARN_BOOL_CONVERSION = YES;
				CLANG_WARN_CONSTANT_CONVERSION = YES;
				CLANG_WARN_DIRECT_OBJC_ISA_USAGE = YES_ERROR;
				CLANG_WARN_EMPTY_BODY = YES;
				CLANG_WARN_ENUM_CONVERSION = YES;
				CLANG_WARN_INT_CONVERSION = YES;
				CLANG_WARN_OBJC_ROOT_CLASS = YES_ERROR;
				CLANG_WARN_UNREACHABLE_CODE = YES;
				CLANG_WARN__DUPLICATE_METHOD_MATCH = YES;
				"CODE_SIGN_IDENTITY[sdk=iphoneos*]" = "iPhone Developer";
				COPY_PHASE_STRIP = NO;
				DEBUG_INFORMATION_FORMAT = "dwarf-with-dsym";
				ENABLE_NS_ASSERTIONS = NO;
				ENABLE_STRICT_OBJC_MSGSEND = YES;
				GCC_C_LANGUAGE_STANDARD = gnu99;
				GCC_NO_COMMON_BLOCKS = YES;
				GCC_WARN_64_TO_32_BIT_CONVERSION = YES;
				GCC_WARN_ABOUT_RETURN_TYPE = YES_ERROR;
				GCC_WARN_UNDECLARED_SELECTOR = YES;
				GCC_WARN_UNINITIALIZED_AUTOS = YES_AGGRESSIVE;
				GCC_WARN_UNUSED_FUNCTION = YES;
				GCC_WARN_UNUSED_VARIABLE = YES;
				IPHONEOS_DEPLOYMENT_TARGET = 9.3;
				MTL_ENABLE_DEBUG_INFO = NO;
				SDKROOT = iphoneos;
				TARGETED_DEVICE_FAMILY = "1,2";
				VALIDATE_PRODUCT = YES;
			};
			name = Release;
		};
		657BB7131D3ED48E00F0475B /* Debug */ = {
			isa = XCBuildConfiguration;
			buildSettings = {
				ASSETCATALOG_COMPILER_APPICON_NAME = AppIcon;
				INFOPLIST_FILE = UIAppearanceQuestion/Info.plist;
				LD_RUNPATH_SEARCH_PATHS = "$(inherited) @executable_path/Frameworks";
				PRODUCT_BUNDLE_IDENTIFIER = com.danramteke.UIAppearanceQuestion;
				PRODUCT_NAME = "$(TARGET_NAME)";
			};
			name = Debug;
		};
		657BB7141D3ED48E00F0475B /* Release */ = {
			isa = XCBuildConfiguration;
			buildSettings = {
				ASSETCATALOG_COMPILER_APPICON_NAME = AppIcon;
				INFOPLIST_FILE = UIAppearanceQuestion/Info.plist;
				LD_RUNPATH_SEARCH_PATHS = "$(inherited) @executable_path/Frameworks";
				PRODUCT_BUNDLE_IDENTIFIER = com.danramteke.UIAppearanceQuestion;
				PRODUCT_NAME = "$(TARGET_NAME)";
			};
			name = Release;
		};
/* End XCBuildConfiguration section */

/* Begin XCConfigurationList section */
		657BB6FB1D3ED48E00F0475B /* Build configuration list for PBXProject "UIAppearanceQuestion" */ = {
			isa = XCConfigurationList;
			buildConfigurations = (
				657BB7101D3ED48E00F0475B /* Debug */,
				657BB7111D3ED48E00F0475B /* Release */,
			);
			defaultConfigurationIsVisible = 0;
			defaultConfigurationName = Release;
		};
		657BB7121D3ED48E00F0475B /* Build configuration list for PBXNativeTarget "UIAppearanceQuestion" */ = {
			isa = XCConfigurationList;
			buildConfigurations = (
				657BB7131D3ED48E00F0475B /* Debug */,
				657BB7141D3ED48E00F0475B /* Release */,
			);
			defaultConfigurationIsVisible = 0;
		};
/* End XCConfigurationList section */
	};
	rootObject = 657BB6F81D3ED48E00F0475B /* Project object */;
}
